
Microsoft Visual Studio Solution File, Format Version 12.00
# Visual Studio 2015
Project("{FAE04EC0-301F-11D3-BF4B-00C04F79EFBC}") = "RPGGame.CSharp.Plugins", "RPGGame.CSharp.Plugins.csproj", "{C9A4A5AE-18E8-3AC0-3E65-86FC22E33E5D}"
EndProject
Project("{FAE04EC0-301F-11D3-BF4B-00C04F79EFBC}") = "RPGGame.CSharp", "RPGGame.CSharp.csproj", "{D0B7D02F-A5B4-96DF-18D8-FC41853E310D}"
EndProject
Project("{FAE04EC0-301F-11D3-BF4B-00C04F79EFBC}") = "RPGGame.CSharp.Editor", "RPGGame.CSharp.Editor.csproj", "{7B048F92-9C55-3B85-E66B-E2ECF85AA4F5}"
EndProject
Global
	GlobalSection(SolutionConfigurationPlatforms) = preSolution
		Debug|Any CPU = Debug|Any CPU
		Release|Any CPU = Release|Any CPU
	EndGlobalSection
	GlobalSection(ProjectConfigurationPlatforms) = postSolution
		{C9A4A5AE-18E8-3AC0-3E65-86FC22E33E5D}.Debug|Any CPU.ActiveCfg = Debug|Any CPU
		{C9A4A5AE-18E8-3AC0-3E65-86FC22E33E5D}.Debug|Any CPU.Build.0 = Debug|Any CPU
		{C9A4A5AE-18E8-3AC0-3E65-86FC22E33E5D}.Release|Any CPU.ActiveCfg = Release|Any CPU
		{C9A4A5AE-18E8-3AC0-3E65-86FC22E33E5D}.Release|Any CPU.Build.0 = Release|Any CPU
		{D0B7D02F-A5B4-96DF-18D8-FC41853E310D}.Debug|Any CPU.ActiveCfg = Debug|Any CPU
		{D0B7D02F-A5B4-96DF-18D8-FC41853E310D}.Debug|Any CPU.Build.0 = Debug|Any CPU
		{D0B7D02F-A5B4-96DF-18D8-FC41853E310D}.Release|Any CPU.ActiveCfg = Release|Any CPU
		{D0B7D02F-A5B4-96DF-18D8-FC41853E310D}.Release|Any CPU.Build.0 = Release|Any CPU
		{7B048F92-9C55-3B85-E66B-E2ECF85AA4F5}.Debug|Any CPU.ActiveCfg = Debug|Any CPU
		{7B048F92-9C55-3B85-E66B-E2ECF85AA4F5}.Debug|Any CPU.Build.0 = Debug|Any CPU
		{7B048F92-9C55-3B85-E66B-E2ECF85AA4F5}.Release|Any CPU.ActiveCfg = Release|Any CPU
		{7B048F92-9C55-3B85-E66B-E2ECF85AA4F5}.Release|Any CPU.Build.0 = Release|Any CPU
	EndGlobalSection
	GlobalSection(SolutionProperties) = preSolution
		HideSolutionNode = FALSE
	EndGlobalSection
EndGlobal
