
Microsoft Visual Studio Solution File, Format Version 12.00
# Visual Studio 2017
Project("{FAE04EC0-301F-11D3-BF4B-00C04F79EFBC}") = "DWK", "DWK.csproj", "{851BD41C-EBA3-0EC0-3F27-3A7236531B1C}"
EndProject
Project("{FAE04EC0-301F-11D3-BF4B-00C04F79EFBC}") = "DWK.Editor", "DWK.Editor.csproj", "{A4D2ECEB-FBDE-8BDA-127B-DDC4CFE5B5F2}"
EndProject
Global
	GlobalSection(SolutionConfigurationPlatforms) = preSolution
		Debug|Any CPU = Debug|Any CPU
		Release|Any CPU = Release|Any CPU
	EndGlobalSection
	GlobalSection(ProjectConfigurationPlatforms) = postSolution
		{851BD41C-EBA3-0EC0-3F27-3A7236531B1C}.Debug|Any CPU.ActiveCfg = Debug|Any CPU
		{851BD41C-EBA3-0EC0-3F27-3A7236531B1C}.Debug|Any CPU.Build.0 = Debug|Any CPU
		{851BD41C-EBA3-0EC0-3F27-3A7236531B1C}.Release|Any CPU.ActiveCfg = Release|Any CPU
		{851BD41C-EBA3-0EC0-3F27-3A7236531B1C}.Release|Any CPU.Build.0 = Release|Any CPU
		{A4D2ECEB-FBDE-8BDA-127B-DDC4CFE5B5F2}.Debug|Any CPU.ActiveCfg = Debug|Any CPU
		{A4D2ECEB-FBDE-8BDA-127B-DDC4CFE5B5F2}.Debug|Any CPU.Build.0 = Debug|Any CPU
		{A4D2ECEB-FBDE-8BDA-127B-DDC4CFE5B5F2}.Release|Any CPU.ActiveCfg = Release|Any CPU
		{A4D2ECEB-FBDE-8BDA-127B-DDC4CFE5B5F2}.Release|Any CPU.Build.0 = Release|Any CPU
	EndGlobalSection
	GlobalSection(SolutionProperties) = preSolution
		HideSolutionNode = FALSE
	EndGlobalSection
EndGlobal
